
Microsoft Visual Studio Solution File, Format Version 12.00
Project("{FAE04EC0-301F-11D3-BF4B-00C04F79EFBC}") = "Cwiczenia12PD", "Cwiczenia12PD\Cwiczenia12PD.csproj", "{8DBDE00E-94EF-4B75-8129-98AA6F780767}"
EndProject
Global
	GlobalSection(SolutionConfigurationPlatforms) = preSolution
		Debug|Any CPU = Debug|Any CPU
		Release|Any CPU = Release|Any CPU
	EndGlobalSection
	GlobalSection(ProjectConfigurationPlatforms) = postSolution
		{8DBDE00E-94EF-4B75-8129-98AA6F780767}.Debug|Any CPU.ActiveCfg = Debug|Any CPU
		{8DBDE00E-94EF-4B75-8129-98AA6F780767}.Debug|Any CPU.Build.0 = Debug|Any CPU
		{8DBDE00E-94EF-4B75-8129-98AA6F780767}.Release|Any CPU.ActiveCfg = Release|Any CPU
		{8DBDE00E-94EF-4B75-8129-98AA6F780767}.Release|Any CPU.Build.0 = Release|Any CPU
	EndGlobalSection
EndGlobal
